
Microsoft Visual Studio Solution File, Format Version 12.00
# Visual Studio 15
VisualStudioVersion = 15.0.27004.2010
MinimumVisualStudioVersion = 10.0.40219.1
Project("{9092AA53-FB77-4645-B42D-1CCCA6BD08BD}") = "Lensual_bot", "Lensual_bot.njsproj", "{2D8EEA5E-CBA8-4B6F-A741-EAB745E4662D}"
EndProject
Global
	GlobalSection(SolutionConfigurationPlatforms) = preSolution
		Debug|Any CPU = Debug|Any CPU
		Release|Any CPU = Release|Any CPU
	EndGlobalSection
	GlobalSection(ProjectConfigurationPlatforms) = postSolution
		{2D8EEA5E-CBA8-4B6F-A741-EAB745E4662D}.Debug|Any CPU.ActiveCfg = Debug|Any CPU
		{2D8EEA5E-CBA8-4B6F-A741-EAB745E4662D}.Debug|Any CPU.Build.0 = Debug|Any CPU
		{2D8EEA5E-CBA8-4B6F-A741-EAB745E4662D}.Release|Any CPU.ActiveCfg = Release|Any CPU
		{2D8EEA5E-CBA8-4B6F-A741-EAB745E4662D}.Release|Any CPU.Build.0 = Release|Any CPU
	EndGlobalSection
	GlobalSection(SolutionProperties) = preSolution
		HideSolutionNode = FALSE
	EndGlobalSection
	GlobalSection(ExtensibilityGlobals) = postSolution
		SolutionGuid = {CEFB3371-794F-4AA6-A34F-DBEC746FF84A}
	EndGlobalSection
EndGlobal
